
Microsoft Visual Studio Solution File, Format Version 12.00
# Visual Studio Version 17
VisualStudioVersion = 17.14.36414.22 d17.14
MinimumVisualStudioVersion = 10.0.40219.1
Project("{FAE04EC0-301F-11D3-BF4B-00C04F79EFBC}") = "CalculatorApp", "CalculatorApp.csproj", "{404299DF-0AA0-4025-9261-AB6545A0A963}"
EndProject
Global
	GlobalSection(SolutionConfigurationPlatforms) = preSolution
		Debug|Any CPU = Debug|Any CPU
		Release|Any CPU = Release|Any CPU
	EndGlobalSection
	GlobalSection(ProjectConfigurationPlatforms) = postSolution
		{404299DF-0AA0-4025-9261-AB6545A0A963}.Debug|Any CPU.ActiveCfg = Debug|Any CPU
		{404299DF-0AA0-4025-9261-AB6545A0A963}.Debug|Any CPU.Build.0 = Debug|Any CPU
		{404299DF-0AA0-4025-9261-AB6545A0A963}.Release|Any CPU.ActiveCfg = Release|Any CPU
		{404299DF-0AA0-4025-9261-AB6545A0A963}.Release|Any CPU.Build.0 = Release|Any CPU
	EndGlobalSection
	GlobalSection(SolutionProperties) = preSolution
		HideSolutionNode = FALSE
	EndGlobalSection
	GlobalSection(ExtensibilityGlobals) = postSolution
		SolutionGuid = {95F65FFB-BB60-42CF-9BBF-A98550CD6EDE}
	EndGlobalSection
EndGlobal
